
Microsoft Visual Studio Solution File, Format Version 12.00
# Visual Studio Version 16
VisualStudioVersion = 16.0.30717.126
MinimumVisualStudioVersion = 10.0.40219.1
Project("{9A19103F-16F7-4668-BE54-9A1E7A4F7556}") = "Presentation", "Presentation\Presentation.csproj", "{FFD925E0-522A-485F-BDFD-026A6801ED90}"
EndProject
Project("{9A19103F-16F7-4668-BE54-9A1E7A4F7556}") = "Services", "Services\Services.csproj", "{A065E184-1B9F-491F-B0AB-E6B266D809E3}"
EndProject
Project("{FAE04EC0-301F-11D3-BF4B-00C04F79EFBC}") = "PhysicalModel", "PhysicalModel\PhysicalModel.csproj", "{C1F20F9D-8035-4C3F-903F-A218D54AA78C}"
EndProject
Global
	GlobalSection(SolutionConfigurationPlatforms) = preSolution
		Debug|Any CPU = Debug|Any CPU
		Release|Any CPU = Release|Any CPU
	EndGlobalSection
	GlobalSection(ProjectConfigurationPlatforms) = postSolution
		{FFD925E0-522A-485F-BDFD-026A6801ED90}.Debug|Any CPU.ActiveCfg = Debug|Any CPU
		{FFD925E0-522A-485F-BDFD-026A6801ED90}.Debug|Any CPU.Build.0 = Debug|Any CPU
		{FFD925E0-522A-485F-BDFD-026A6801ED90}.Release|Any CPU.ActiveCfg = Release|Any CPU
		{FFD925E0-522A-485F-BDFD-026A6801ED90}.Release|Any CPU.Build.0 = Release|Any CPU
		{A065E184-1B9F-491F-B0AB-E6B266D809E3}.Debug|Any CPU.ActiveCfg = Debug|Any CPU
		{A065E184-1B9F-491F-B0AB-E6B266D809E3}.Debug|Any CPU.Build.0 = Debug|Any CPU
		{A065E184-1B9F-491F-B0AB-E6B266D809E3}.Release|Any CPU.ActiveCfg = Release|Any CPU
		{A065E184-1B9F-491F-B0AB-E6B266D809E3}.Release|Any CPU.Build.0 = Release|Any CPU
		{C1F20F9D-8035-4C3F-903F-A218D54AA78C}.Debug|Any CPU.ActiveCfg = Debug|Any CPU
		{C1F20F9D-8035-4C3F-903F-A218D54AA78C}.Debug|Any CPU.Build.0 = Debug|Any CPU
		{C1F20F9D-8035-4C3F-903F-A218D54AA78C}.Release|Any CPU.ActiveCfg = Release|Any CPU
		{C1F20F9D-8035-4C3F-903F-A218D54AA78C}.Release|Any CPU.Build.0 = Release|Any CPU
	EndGlobalSection
	GlobalSection(SolutionProperties) = preSolution
		HideSolutionNode = FALSE
	EndGlobalSection
	GlobalSection(ExtensibilityGlobals) = postSolution
		SolutionGuid = {F0E21786-728B-4598-A331-A786EBB34BEF}
	EndGlobalSection
EndGlobal
